
Microsoft Visual Studio Solution File, Format Version 12.00
# Visual Studio 15
VisualStudioVersion = 15.0.28307.271
MinimumVisualStudioVersion = 10.0.40219.1
Project("{FAE04EC0-301F-11D3-BF4B-00C04F79EFBC}") = "CalculationLib", "CalculationLib\CalculationLib.csproj", "{E8D4CDC8-64E5-4CED-BF20-96234556DF8E}"
EndProject
Global
	GlobalSection(SolutionConfigurationPlatforms) = preSolution
		Debug|Any CPU = Debug|Any CPU
		Release|Any CPU = Release|Any CPU
	EndGlobalSection
	GlobalSection(ProjectConfigurationPlatforms) = postSolution
		{E8D4CDC8-64E5-4CED-BF20-96234556DF8E}.Debug|Any CPU.ActiveCfg = Debug|Any CPU
		{E8D4CDC8-64E5-4CED-BF20-96234556DF8E}.Debug|Any CPU.Build.0 = Debug|Any CPU
		{E8D4CDC8-64E5-4CED-BF20-96234556DF8E}.Release|Any CPU.ActiveCfg = Debug|Any CPU
		{E8D4CDC8-64E5-4CED-BF20-96234556DF8E}.Release|Any CPU.Build.0 = Debug|Any CPU
	EndGlobalSection
	GlobalSection(SolutionProperties) = preSolution
		HideSolutionNode = FALSE
	EndGlobalSection
	GlobalSection(ExtensibilityGlobals) = postSolution
		SolutionGuid = {5A087D90-E06E-4D77-AD22-69D0976F8F4C}
	EndGlobalSection
EndGlobal
